
Microsoft Visual Studio Solution File, Format Version 12.00
# Visual Studio Version 17
VisualStudioVersion = 17.11.35005.142
MinimumVisualStudioVersion = 10.0.40219.1
Project("{FAE04EC0-301F-11D3-BF4B-00C04F79EFBC}") = "DotNet8WebApi.ExceptionHandlingMiddleware", "DotNet8WebApi.ExceptionHandlingMiddleware\DotNet8WebApi.ExceptionHandlingMiddleware.csproj", "{C5791D26-5AD9-4090-B9E9-F559F42C2341}"
EndProject
Global
	GlobalSection(SolutionConfigurationPlatforms) = preSolution
		Debug|Any CPU = Debug|Any CPU
		Release|Any CPU = Release|Any CPU
	EndGlobalSection
	GlobalSection(ProjectConfigurationPlatforms) = postSolution
		{C5791D26-5AD9-4090-B9E9-F559F42C2341}.Debug|Any CPU.ActiveCfg = Debug|Any CPU
		{C5791D26-5AD9-4090-B9E9-F559F42C2341}.Debug|Any CPU.Build.0 = Debug|Any CPU
		{C5791D26-5AD9-4090-B9E9-F559F42C2341}.Release|Any CPU.ActiveCfg = Release|Any CPU
		{C5791D26-5AD9-4090-B9E9-F559F42C2341}.Release|Any CPU.Build.0 = Release|Any CPU
	EndGlobalSection
	GlobalSection(SolutionProperties) = preSolution
		HideSolutionNode = FALSE
	EndGlobalSection
	GlobalSection(ExtensibilityGlobals) = postSolution
		SolutionGuid = {951AC04E-EDEF-4F64-85A3-A234665EE46E}
	EndGlobalSection
EndGlobal
